
Microsoft Visual Studio Solution File, Format Version 12.00
# Visual Studio Version 16
VisualStudioVersion = 16.0.33214.272
MinimumVisualStudioVersion = 10.0.40219.1
Project("{FAE04EC0-301F-11D3-BF4B-00C04F79EFBC}") = "calcular", "calcular\calcular.csproj", "{B53471BA-7F06-4F04-A558-054FACF45AD9}"
EndProject
Global
	GlobalSection(SolutionConfigurationPlatforms) = preSolution
		Debug|Any CPU = Debug|Any CPU
		Release|Any CPU = Release|Any CPU
	EndGlobalSection
	GlobalSection(ProjectConfigurationPlatforms) = postSolution
		{B53471BA-7F06-4F04-A558-054FACF45AD9}.Debug|Any CPU.ActiveCfg = Debug|Any CPU
		{B53471BA-7F06-4F04-A558-054FACF45AD9}.Debug|Any CPU.Build.0 = Debug|Any CPU
		{B53471BA-7F06-4F04-A558-054FACF45AD9}.Release|Any CPU.ActiveCfg = Release|Any CPU
		{B53471BA-7F06-4F04-A558-054FACF45AD9}.Release|Any CPU.Build.0 = Release|Any CPU
	EndGlobalSection
	GlobalSection(SolutionProperties) = preSolution
		HideSolutionNode = FALSE
	EndGlobalSection
	GlobalSection(ExtensibilityGlobals) = postSolution
		SolutionGuid = {735650AA-A3EC-4144-BA9E-51E74D711D2B}
	EndGlobalSection
EndGlobal
